github.com/go-audio/aiff v0.0.0-20180403003018-6c3a8a6aff12 h1:gjXrZYhuZMD7np1SgUkYWWRCsDN3YjNTMa8/IcCEtE0=
github.com/go-audio/aiff v0.0.0-20180403003018-6c3a8a6aff12/go.mod h1:AMSAp6W1zd0koOdX6QDgGIuBDTUvLa2SLQtm7d9eM3c=
github.com/go-audio/audio v0.0.0-20180206231410-b697a35b5608/go.mod h1:6uAu0+H2lHkwdGsAY+j2wHPNPpPoeg5AaEFh9FlA+Zs=
github.com/mattetti/audio v0.0.0-20180912171649-01576cde1f21 h1:Hc1iKlyxNHp3CV59G2E/qabUkHvEwOIJxDK0CJ7CRjA=
github.com/mattetti/audio v0.0.0-20180912171649-01576cde1f21/go.mod h1:LlQmBGkOuV/SKzEDXBPKauvN2UqCgzXO2XjecTGj40s=
